
Microsoft Visual Studio Solution File, Format Version 12.00
# Visual Studio Version 17
VisualStudioVersion = 17.12.35707.178 d17.12
MinimumVisualStudioVersion = 10.0.40219.1
Project("{FAE04EC0-301F-11D3-BF4B-00C04F79EFBC}") = "backendSMT", "backendSMT.csproj", "{680B8297-5454-4D51-8AD0-E5507185DA40}"
EndProject
Global
	GlobalSection(SolutionConfigurationPlatforms) = preSolution
		Debug|Any CPU = Debug|Any CPU
		Release|Any CPU = Release|Any CPU
	EndGlobalSection
	GlobalSection(ProjectConfigurationPlatforms) = postSolution
		{680B8297-5454-4D51-8AD0-E5507185DA40}.Debug|Any CPU.ActiveCfg = Debug|Any CPU
		{680B8297-5454-4D51-8AD0-E5507185DA40}.Debug|Any CPU.Build.0 = Debug|Any CPU
		{680B8297-5454-4D51-8AD0-E5507185DA40}.Release|Any CPU.ActiveCfg = Release|Any CPU
		{680B8297-5454-4D51-8AD0-E5507185DA40}.Release|Any CPU.Build.0 = Release|Any CPU
	EndGlobalSection
	GlobalSection(SolutionProperties) = preSolution
		HideSolutionNode = FALSE
	EndGlobalSection
EndGlobal
